
Microsoft Visual Studio Solution File, Format Version 12.00
# Visual Studio Version 17
VisualStudioVersion = 17.1.32328.378
MinimumVisualStudioVersion = 10.0.40219.1
Project("{FAE04EC0-301F-11D3-BF4B-00C04F79EFBC}") = "PetZone", "PetZone\PetZone.csproj", "{9E4031D9-2F7D-43DA-B85C-FE9C5C418FDA}"
EndProject
Global
	GlobalSection(SolutionConfigurationPlatforms) = preSolution
		Debug|Any CPU = Debug|Any CPU
		Release|Any CPU = Release|Any CPU
	EndGlobalSection
	GlobalSection(ProjectConfigurationPlatforms) = postSolution
		{9E4031D9-2F7D-43DA-B85C-FE9C5C418FDA}.Debug|Any CPU.ActiveCfg = Debug|Any CPU
		{9E4031D9-2F7D-43DA-B85C-FE9C5C418FDA}.Debug|Any CPU.Build.0 = Debug|Any CPU
		{9E4031D9-2F7D-43DA-B85C-FE9C5C418FDA}.Release|Any CPU.ActiveCfg = Release|Any CPU
		{9E4031D9-2F7D-43DA-B85C-FE9C5C418FDA}.Release|Any CPU.Build.0 = Release|Any CPU
	EndGlobalSection
	GlobalSection(SolutionProperties) = preSolution
		HideSolutionNode = FALSE
	EndGlobalSection
	GlobalSection(ExtensibilityGlobals) = postSolution
		SolutionGuid = {1A1FE81B-A107-4754-A17D-7B39BA1361D7}
	EndGlobalSection
EndGlobal
